version = 1
revision = 3
requires-python = ">=3.11"

[[package]]
name = "certifi"
version = "2026.1.4"
source = { registry = "https://pypi.org/simple" }
sdist = { url = "https://files.pythonhosted.org/packages/e0/2d/a891ca51311197f6ad14a7ef42e2399f36cf2f9bd44752b3dc4eab60fdc5/certifi-2026.1.4.tar.gz", hash = "sha256:ac726dd470482006e014ad384921ed6438c457018f4b3d204aea4281258b2120", size = 154268, upload-time = "2026-01-04T02:42:41.825Z" }
wheels = [
    { url = "https://files.pythonhosted.org/packages/e6/ad/3cc14f097111b4de0040c83a525973216457bbeeb63739ef1ed275c1c021/certifi-2026.1.4-py3-none-any.whl", hash = "sha256:9943707519e4add1115f44c2bc244f782c0249876bf51b6599fee1ffbedd685c", size = 152900, upload-time = "2026-01-04T02:42:40.15Z" },
]

[[package]]
name = "charset-normalizer"
version = "3.4.4"
source = { registry = "https://pypi.org/simple" }
sdist = { url = "https://files.pythonhosted.org/packages/13/69/33ddede1939fdd074bce5434295f38fae7136463422fe4fd3e0e89b98062/charset_normalizer-3.4.4.tar.gz", hash = "sha256:94537985111c35f28720e43603b8e7b43a6ecfb2ce1d3058bbe955b73404e21a", size = 129418, upload-time = "2025-10-14T04:42:32.879Z" }
wheels = [
    { url = "https://files.pythonhosted.org/packages/ed/27/c6491ff4954e58a10f69ad90aca8a1b6fe9c5d3c6f380907af3c37435b59/charset_normalizer-3.4.4-cp311-cp311-macosx_10_9_universal2.whl", hash = "sha256:6e1fcf0720908f200cd21aa4e6750a48ff6ce4afe7ff5a79a90d5ed8a08296f8", size = 206988, upload-time = "2025-10-14T04:40:33.79Z" },
    { url = "https://files.pythonhosted.org/packages/94/59/2e87300fe67ab820b5428580a53cad894272dbb97f38a7a814a2a1ac1011/charset_normalizer-3.4.4-cp311-cp311-manylinux2014_aarch64.manylinux_2_17_aarch64.manylinux_2_28_aarch64.whl", hash = "sha256:5f819d5fe9234f9f82d75bdfa9aef3a3d72c4d24a6e57aeaebba32a704553aa0", size = 147324, upload-time = "2025-10-14T04:40:34.961Z" },
    { url = "https://files.pythonhosted.org/packages/07/fb/0cf61dc84b2b088391830f6274cb57c82e4da8bbc2efeac8c025edb88772/charset_normalizer-3.4.4-cp311-cp311-manylinux2014_armv7l.manylinux_2_17_armv7l.manylinux_2_31_armv7l.whl", hash = "sha256:a59cb51917aa591b1c4e6a43c132f0cdc3c76dbad6155df4e28ee626cc77a0a3", size = 142742, upload-time = "2025-10-14T04:40:36.105Z" },
    { url = "https://files.pythonhosted.org/packages/62/8b/171935adf2312cd745d290ed93cf16cf0dfe320863ab7cbeeae1dcd6535f/charset_normalizer-3.4.4-cp311-cp311-manylinux2014_ppc64le.manylinux_2_17_ppc64le.manylinux_2_28_ppc64le.whl", hash = "sha256:8ef3c867360f88ac904fd3f5e1f902f13307af9052646963ee08ff4f131adafc", size = 160863, upload-time = "2025-10-14T04:40:37.188Z" },
    { url = "https://files.pythonhosted.org/packages/09/73/ad875b192bda14f2173bfc1bc9a55e009808484a4b256748d931b6948442/charset_normalizer-3.4.4-cp311-cp311-manylinux2014_s390x.manylinux_2_17_s390x.manylinux_2_28_s390x.whl", hash = "sha256:d9e45d7faa48ee908174d8fe84854479ef838fc6a705c9315372eacbc2f02897", size = 157837, upload-time = "2025-10-14T04:40:38.435Z" },
    { url = "https://files.pythonhosted.org/packages/6d/fc/de9cce525b2c5b94b47c70a4b4fb19f871b24995c728e957ee68ab1671ea/charset_normalizer-3.4.4-cp311-cp311-manylinux2014_x86_64.manylinux_2_17_x86_64.manylinux_2_28_x86_64.whl", hash = "sha256:840c25fb618a231545cbab0564a799f101b63b9901f2569faecd6b222ac72381", size = 151550, upload-time = "2025-10-14T04:40:40.053Z" },
    { url = "https://files.pythonhosted.org/packages/55/c2/43edd615fdfba8c6f2dfbd459b25a6b3b551f24ea21981e23fb768503ce1/charset_normalizer-3.4.4-cp311-cp311-manylinux_2_31_riscv64.manylinux_2_39_riscv64.whl", hash = "sha256:ca5862d5b3928c4940729dacc329aa9102900382fea192fc5e52eb69d6093815", size = 149162, upload-time = "2025-10-14T04:40:41.163Z" },
    { url = "https://files.pythonhosted.org/packages/03/86/bde4ad8b4d0e9429a4e82c1e8f5c659993a9a863ad62c7df05cf7b678d75/charset_normalizer-3.4.4-cp311-cp311-musllinux_1_2_aarch64.whl", hash = "sha256:d9c7f57c3d666a53421049053eaacdd14bbd0a528e2186fcb2e672effd053bb0", size = 150019, upload-time = "2025-10-14T04:40:42.276Z" },
    { url = "https://files.pythonhosted.org/packages/1f/86/a151eb2af293a7e7bac3a739b81072585ce36ccfb4493039f49f1d3cae8c/charset_normalizer-3.4.4-cp311-cp311-musllinux_1_2_armv7l.whl", hash = "sha256:277e970e750505ed74c832b4bf75dac7476262ee2a013f5574dd49075879e161", size = 143310, upload-time = "2025-10-14T04:40:43.439Z" },
    { url = "https://files.pythonhosted.org/packages/b5/fe/43dae6144a7e07b87478fdfc4dbe9efd5defb0e7ec29f5f58a55aeef7bf7/charset_normalizer-3.4.4-cp311-cp311-musllinux_1_2_ppc64le.whl", hash = "sha256:31fd66405eaf47bb62e8cd575dc621c56c668f27d46a61d975a249930dd5e2a4", size = 162022, upload-time = "2025-10-14T04:40:44.547Z" },
    { url = "https://files.pythonhosted.org/packages/80/e6/7aab83774f5d2bca81f42ac58d04caf44f0cc2b65fc6db2b3b2e8a05f3b3/charset_normalizer-3.4.4-cp311-cp311-musllinux_1_2_riscv64.whl", hash = "sha256:0d3d8f15c07f86e9ff82319b3d9ef6f4bf907608f53fe9d92b28ea9ae3d1fd89", size = 149383, upload-time = "2025-10-14T04:40:46.018Z" },
    { url = "https://files.pythonhosted.org/packages/4f/e8/b289173b4edae05c0dde07f69f8db476a0b511eac556dfe0d6bda3c43384/charset_normalizer-3.4.4-cp311-cp311-musllinux_1_2_s390x.whl", hash = "sha256:9f7fcd74d410a36883701fafa2482a6af2ff5ba96b9a620e9e0721e28ead5569", size = 159098, upload-time = "2025-10-14T04:40:47.081Z" },
    { url = "https://files.pythonhosted.org/packages/d8/df/fe699727754cae3f8478493c7f45f777b17c3ef0600e28abfec8619eb49c/charset_normalizer-3.4.4-cp311-cp311-musllinux_1_2_x86_64.whl", hash = "sha256:ebf3e58c7ec8a8bed6d66a75d7fb37b55e5015b03ceae72a8e7c74495551e224", size = 152991, upload-time = "2025-10-14T04:40:48.246Z" },
    { url = "https://files.pythonhosted.org/packages/1a/86/584869fe4ddb6ffa3bd9f491b87a01568797fb9bd8933f557dba9771beaf/charset_normalizer-3.4.4-cp311-cp311-win32.whl", hash = "sha256:eecbc200c7fd5ddb9a7f16c7decb07b566c29fa2161a16cf67b8d068bd21690a", size = 99456, upload-time = "2025-10-14T04:40:49.376Z" },
    { url = "https://files.pythonhosted.org/packages/65/f6/62fdd5feb60530f50f7e38b4f6a1d5203f4d16ff4f9f0952962c044e919a/charset_normalizer-3.4.4-cp311-cp311-win_amd64.whl", hash = "sha256:5ae497466c7901d54b639cf42d5b8c1b6a4fead55215500d2f486d34db48d016", size = 106978, upload-time = "2025-10-14T04:40:50.844Z" },
    { url = "https://files.pythonhosted.org/packages/7a/9d/0710916e6c82948b3be62d9d398cb4fcf4e97b56d6a6aeccd66c4b2f2bd5/charset_normalizer-3.4.4-cp311-cp311-win_arm64.whl", hash = "sha256:65e2befcd84bc6f37095f5961e68a6f077bf44946771354a28ad434c2cce0ae1", size = 99969, upload-time = "2025-10-14T04:40:52.272Z" },
    { url = "https://files.pythonhosted.org/packages/f3/85/1637cd4af66fa687396e757dec650f28025f2a2f5a5531a3208dc0ec43f2/charset_normalizer-3.4.4-cp312-cp312-macosx_10_13_universal2.whl", hash = "sha256:0a98e6759f854bd25a58a73fa88833fba3b7c491169f86ce1180c948ab3fd394", size = 208425, upload-time = "2025-10-14T04:40:53.353Z" },
    { url = "https://files.pythonhosted.org/packages/9d/6a/04130023fef2a0d9c62d0bae2649b69f7b7d8d24ea5536feef50551029df/charset_normalizer-3.4.4-cp312-cp312-manylinux2014_aarch64.manylinux_2_17_aarch64.manylinux_2_28_aarch64.whl", hash = "sha256:b5b290ccc2a263e8d185130284f8501e3e36c5e02750fc6b6bdeb2e9e96f1e25", size = 148162, upload-time = "2025-10-14T04:40:54.558Z" },
    { url = "https://files.pythonhosted.org/packages/78/29/62328d79aa60da22c9e0b9a66539feae06ca0f5a4171ac4f7dc285b83688/charset_normalizer-3.4.4-cp312-cp312-manylinux2014_armv7l.manylinux_2_17_armv7l.manylinux_2_31_armv7l.whl", hash = "sha256:74bb723680f9f7a6234dcf67aea57e708ec1fbdf5699fb91dfd6f511b0a320ef", size = 144558, upload-time = "2025-10-14T04:40:55.677Z" },
    { url = "https://files.pythonhosted.org/packages/86/bb/b32194a4bf15b88403537c2e120b817c61cd4ecffa9b6876e941c3ee38fe/charset_normalizer-3.4.4-cp312-cp312-manylinux2014_ppc64le.manylinux_2_17_ppc64le.manylinux_2_28_ppc64le.whl", hash = "sha256:f1e34719c6ed0b92f418c7c780480b26b5d9c50349e9a9af7d76bf757530350d", size = 161497, upload-time = "2025-10-14T04:40:57.217Z" },
    { url = "https://files.pythonhosted.org/packages/19/89/a54c82b253d5b9b111dc74aca196ba5ccfcca8242d0fb64146d4d3183ff1/charset_normalizer-3.4.4-cp312-cp312-manylinux2014_s390x.manylinux_2_17_s390x.manylinux_2_28_s390x.whl", hash = "sha256:2437418e20515acec67d86e12bf70056a33abdacb5cb1655042f6538d6b085a8", size = 159240, upload-time = "2025-10-14T04:40:58.358Z" },
    { url = "https://files.pythonhosted.org/packages/c0/10/d20b513afe03acc89ec33948320a5544d31f21b05368436d580dec4e234d/charset_normalizer-3.4.4-cp312-cp312-manylinux2014_x86_64.manylinux_2_17_x86_64.manylinux_2_28_x86_64.whl", hash = "sha256:11d694519d7f29d6cd09f6ac70028dba10f92f6cdd059096db198c283794ac86", size = 153471, upload-time = "2025-10-14T04:40:59.468Z" },
    { url = "https://files.pythonhosted.org/packages/61/fa/fbf177b55bdd727010f9c0a3c49eefa1d10f960e5f09d1d887bf93c2e698/charset_normalizer-3.4.4-cp312-cp312-manylinux_2_31_riscv64.manylinux_2_39_riscv64.whl", hash = "sha256:ac1c4a689edcc530fc9d9aa11f5774b9e2f33f9a0c6a57864e90908f5208d30a", size = 150864, upload-time = "2025-10-14T04:41:00.623Z" },
    { url = "https://files.pythonhosted.org/packages/05/12/9fbc6a4d39c0198adeebbde20b619790e9236557ca59fc40e0e3cebe6f40/charset_normalizer-3.4.4-cp312-cp312-musllinux_1_2_aarch64.whl", hash = "sha256:21d142cc6c0ec30d2efee5068ca36c128a30b0f2c53c1c07bd78cb6bc1d3be5f", size = 150647, upload-time = "2025-10-14T04:41:01.754Z" },
    { url = "https://files.pythonhosted.org/packages/ad/1f/6a9a593d52e3e8c5d2b167daf8c6b968808efb57ef4c210acb907c365bc4/charset_normalizer-3.4.4-cp312-cp312-musllinux_1_2_armv7l.whl", hash = "sha256:5dbe56a36425d26d6cfb40ce79c314a2e4dd6211d51d6d2191c00bed34f354cc", size = 145110, upload-time = "2025-10-14T04:41:03.231Z" },
    { url = "https://files.pythonhosted.org/packages/30/42/9a52c609e72471b0fc54386dc63c3781a387bb4fe61c20231a4ebcd58bdd/charset_normalizer-3.4.4-cp312-cp312-musllinux_1_2_ppc64le.whl", hash = "sha256:5bfbb1b9acf3334612667b61bd3002196fe2a1eb4dd74d247e0f2a4d50ec9bbf", size = 162839, upload-time = "2025-10-14T04:41:04.715Z" },
    { url = "https://files.pythonhosted.org/packages/c4/5b/c0682bbf9f11597073052628ddd38344a3d673fda35a36773f7d19344b23/charset_normalizer-3.4.4-cp312-cp312-musllinux_1_2_riscv64.whl", hash = "sha256:d055ec1e26e441f6187acf818b73564e6e6282709e9bcb5b63f5b23068356a15", size = 150667, upload-time = "2025-10-14T04:41:05.827Z" },
    { url = "https://files.pythonhosted.org/packages/e4/24/a41afeab6f990cf2daf6cb8c67419b63b48cf518e4f56022230840c9bfb2/charset_normalizer-3.4.4-cp312-cp312-musllinux_1_2_s390x.whl", hash = "sha256:af2d8c67d8e573d6de5bc30cdb27e9b95e49115cd9baad5ddbd1a6207aaa82a9", size = 160535, upload-time = "2025-10-14T04:41:06.938Z" },
    { url = "https://files.pythonhosted.org/packages/2a/e5/6a4ce77ed243c4a50a1fecca6aaaab419628c818a49434be428fe24c9957/charset_normalizer-3.4.4-cp312-cp312-musllinux_1_2_x86_64.whl", hash = "sha256:780236ac706e66881f3b7f2f32dfe90507a09e67d1d454c762cf642e6e1586e0", size = 154816, upload-time = "2025-10-14T04:41:08.101Z" },
    { url = "https://files.pythonhosted.org/packages/a8/ef/89297262b8092b312d29cdb2517cb1237e51db8ecef2e9af5edbe7b683b1/charset_normalizer-3.4.4-cp312-cp312-win32.whl", hash = "sha256:5833d2c39d8896e4e19b689ffc198f08ea58116bee26dea51e362ecc7cd3ed26", size = 99694, upload-time = "2025-10-14T04:41:09.23Z" },
    { url = "https://files.pythonhosted.org/packages/3d/2d/1e5ed9dd3b3803994c155cd9aacb60c82c331bad84daf75bcb9c91b3295e/charset_normalizer-3.4.4-cp312-cp312-win_amd64.whl", hash = "sha256:a79cfe37875f822425b89a82333404539ae63dbdddf97f84dcbc3d339aae9525", size = 107131, upload-time = "2025-10-14T04:41:10.467Z" },
    { url = "https://files.pythonhosted.org/packages/d0/d9/0ed4c7098a861482a7b6a95603edce4c0d9db2311af23da1fb2b75ec26fc/charset_normalizer-3.4.4-cp312-cp312-win_arm64.whl", hash = "sha256:376bec83a63b8021bb5c8ea75e21c4ccb86e7e45ca4eb81146091b56599b80c3", size = 100390, upload-time = "2025-10-14T04:41:11.915Z" },
    { url = "https://files.pythonhosted.org/packages/97/45/4b3a1239bbacd321068ea6e7ac28875b03ab8bc0aa0966452db17cd36714/charset_normalizer-3.4.4-cp313-cp313-macosx_10_13_universal2.whl", hash = "sha256:e1f185f86a6f3403aa2420e815904c67b2f9ebc443f045edd0de921108345794", size = 208091, upload-time = "2025-10-14T04:41:13.346Z" },
    { url = "https://files.pythonhosted.org/packages/7d/62/73a6d7450829655a35bb88a88fca7d736f9882a27eacdca2c6d505b57e2e/charset_normalizer-3.4.4-cp313-cp313-manylinux2014_aarch64.manylinux_2_17_aarch64.manylinux_2_28_aarch64.whl", hash = "sha256:6b39f987ae8ccdf0d2642338faf2abb1862340facc796048b604ef14919e55ed", size = 147936, upload-time = "2025-10-14T04:41:14.461Z" },
    { url = "https://files.pythonhosted.org/packages/89/c5/adb8c8b3d6625bef6d88b251bbb0d95f8205831b987631ab0c8bb5d937c2/charset_normalizer-3.4.4-cp313-cp313-manylinux2014_armv7l.manylinux_2_17_armv7l.manylinux_2_31_armv7l.whl", hash = "sha256:3162d5d8ce1bb98dd51af660f2121c55d0fa541b46dff7bb9b9f86ea1d87de72", size = 144180, upload-time = "2025-10-14T04:41:15.588Z" },
    { url = "https://files.pythonhosted.org/packages/91/ed/9706e4070682d1cc219050b6048bfd293ccf67b3d4f5a4f39207453d4b99/charset_normalizer-3.4.4-cp313-cp313-manylinux2014_ppc64le.manylinux_2_17_ppc64le.manylinux_2_28_ppc64le.whl", hash = "sha256:81d5eb2a312700f4ecaa977a8235b634ce853200e828fbadf3a9c50bab278328", size = 161346, upload-time = "2025-10-14T04:41:16.738Z" },
    { url = "https://files.pythonhosted.org/packages/d5/0d/031f0d95e4972901a2f6f09ef055751805ff541511dc1252ba3ca1f80cf5/charset_normalizer-3.4.4-cp313-cp313-manylinux2014_s390x.manylinux_2_17_s390x.manylinux_2_28_s390x.whl", hash = "sha256:5bd2293095d766545ec1a8f612559f6b40abc0eb18bb2f5d1171872d34036ede", size = 158874, upload-time = "2025-10-14T04:41:17.923Z" },
    { url = "https://files.pythonhosted.org/packages/f5/83/6ab5883f57c9c801ce5e5677242328aa45592be8a00644310a008d04f922/charset_normalizer-3.4.4-cp313-cp313-manylinux2014_x86_64.manylinux_2_17_x86_64.manylinux_2_28_x86_64.whl", hash = "sha256:a8a8b89589086a25749f471e6a900d3f662d1d3b6e2e59dcecf787b1cc3a1894", size = 153076, upload-time = "2025-10-14T04:41:19.106Z" },
    { url = "https://files.pythonhosted.org/packages/75/1e/5ff781ddf5260e387d6419959ee89ef13878229732732ee73cdae01800f2/charset_normalizer-3.4.4-cp313-cp313-manylinux_2_31_riscv64.manylinux_2_39_riscv64.whl", hash = "sha256:bc7637e2f80d8530ee4a78e878bce464f70087ce73cf7c1caf142416923b98f1", size = 150601, upload-time = "2025-10-14T04:41:20.245Z" },
    { url = "https://files.pythonhosted.org/packages/d7/57/71be810965493d3510a6ca79b90c19e48696fb1ff964da319334b12677f0/charset_normalizer-3.4.4-cp313-cp313-musllinux_1_2_aarch64.whl", hash = "sha256:f8bf04158c6b607d747e93949aa60618b61312fe647a6369f88ce2ff16043490", size = 150376, upload-time = "2025-10-14T04:41:21.398Z" },
    { url = "https://files.pythonhosted.org/packages/e5/d5/c3d057a78c181d007014feb7e9f2e65905a6c4ef182c0ddf0de2924edd65/charset_normalizer-3.4.4-cp313-cp313-musllinux_1_2_armv7l.whl", hash = "sha256:554af85e960429cf30784dd47447d5125aaa3b99a6f0683589dbd27e2f45da44", size = 144825, upload-time = "2025-10-14T04:41:22.583Z" },
    { url = "https://files.pythonhosted.org/packages/e6/8c/d0406294828d4976f275ffbe66f00266c4b3136b7506941d87c00cab5272/charset_normalizer-3.4.4-cp313-cp313-musllinux_1_2_ppc64le.whl", hash = "sha256:74018750915ee7ad843a774364e13a3db91682f26142baddf775342c3f5b1133", size = 162583, upload-time = "2025-10-14T04:41:23.754Z" },
    { url = "https://files.pythonhosted.org/packages/d7/24/e2aa1f18c8f15c4c0e932d9287b8609dd30ad56dbe41d926bd846e22fb8d/charset_normalizer-3.4.4-cp313-cp313-musllinux_1_2_riscv64.whl", hash = "sha256:c0463276121fdee9c49b98908b3a89c39be45d86d1dbaa22957e38f6321d4ce3", size = 150366, upload-time = "2025-10-14T04:41:25.27Z" },
    { url = "https://files.pythonhosted.org/packages/e4/5b/1e6160c7739aad1e2df054300cc618b06bf784a7a164b0f238360721ab86/charset_normalizer-3.4.4-cp313-cp313-musllinux_1_2_s390x.whl", hash = "sha256:362d61fd13843997c1c446760ef36f240cf81d3ebf74ac62652aebaf7838561e", size = 160300, upload-time = "2025-10-14T04:41:26.725Z" },
    { url = "https://files.pythonhosted.org/packages/7a/10/f882167cd207fbdd743e55534d5d9620e095089d176d55cb22d5322f2afd/charset_normalizer-3.4.4-cp313-cp313-musllinux_1_2_x86_64.whl", hash = "sha256:9a26f18905b8dd5d685d6d07b0cdf98a79f3c7a918906af7cc143ea2e164c8bc", size = 154465, upload-time = "2025-10-14T04:41:28.322Z" },
    { url = "https://files.pythonhosted.org/packages/89/66/c7a9e1b7429be72123441bfdbaf2bc13faab3f90b933f664db506dea5915/charset_normalizer-3.4.4-cp313-cp313-win32.whl", hash = "sha256:9b35f4c90079ff2e2edc5b26c0c77925e5d2d255c42c74fdb70fb49b172726ac", size = 99404, upload-time = "2025-10-14T04:41:29.95Z" },
    { url = "https://files.pythonhosted.org/packages/c4/26/b9924fa27db384bdcd97ab83b4f0a8058d96ad9626ead570674d5e737d90/charset_normalizer-3.4.4-cp313-cp313-win_amd64.whl", hash = "sha256:b435cba5f4f750aa6c0a0d92c541fb79f69a387c91e61f1795227e4ed9cece14", size = 107092, upload-time = "2025-10-14T04:41:31.188Z" },
    { url = "https://files.pythonhosted.org/packages/af/8f/3ed4bfa0c0c72a7ca17f0380cd9e4dd842b09f664e780c13cff1dcf2ef1b/charset_normalizer-3.4.4-cp313-cp313-win_arm64.whl", hash = "sha256:542d2cee80be6f80247095cc36c418f7bddd14f4a6de45af91dfad36d817bba2", size = 100408, upload-time = "2025-10-14T04:41:32.624Z" },
    { url = "https://files.pythonhosted.org/packages/2a/35/7051599bd493e62411d6ede36fd5af83a38f37c4767b92884df7301db25d/charset_normalizer-3.4.4-cp314-cp314-macosx_10_13_universal2.whl", hash = "sha256:da3326d9e65ef63a817ecbcc0df6e94463713b754fe293eaa03da99befb9a5bd", size = 207746, upload-time = "2025-10-14T04:41:33.773Z" },
    { url = "https://files.pythonhosted.org/packages/10/9a/97c8d48ef10d6cd4fcead2415523221624bf58bcf68a802721a6bc807c8f/charset_normalizer-3.4.4-cp314-cp314-manylinux2014_aarch64.manylinux_2_17_aarch64.manylinux_2_28_aarch64.whl", hash = "sha256:8af65f14dc14a79b924524b1e7fffe304517b2bff5a58bf64f30b98bbc5079eb", size = 147889, upload-time = "2025-10-14T04:41:34.897Z" },
    { url = "https://files.pythonhosted.org/packages/10/bf/979224a919a1b606c82bd2c5fa49b5c6d5727aa47b4312bb27b1734f53cd/charset_normalizer-3.4.4-cp314-cp314-manylinux2014_armv7l.manylinux_2_17_armv7l.manylinux_2_31_armv7l.whl", hash = "sha256:74664978bb272435107de04e36db5a9735e78232b85b77d45cfb38f758efd33e", size = 143641, upload-time = "2025-10-14T04:41:36.116Z" },
    { url = "https://files.pythonhosted.org/packages/ba/33/0ad65587441fc730dc7bd90e9716b30b4702dc7b617e6ba4997dc8651495/charset_normalizer-3.4.4-cp314-cp314-manylinux2014_ppc64le.manylinux_2_17_ppc64le.manylinux_2_28_ppc64le.whl", hash = "sha256:752944c7ffbfdd10c074dc58ec2d5a8a4cd9493b314d367c14d24c17684ddd14", size = 160779, upload-time = "2025-10-14T04:41:37.229Z" },
    { url = "https://files.pythonhosted.org/packages/67/ed/331d6b249259ee71ddea93f6f2f0a56cfebd46938bde6fcc6f7b9a3d0e09/charset_normalizer-3.4.4-cp314-cp314-manylinux2014_s390x.manylinux_2_17_s390x.manylinux_2_28_s390x.whl", hash = "sha256:d1f13550535ad8cff21b8d757a3257963e951d96e20ec82ab44bc64aeb62a191", size = 159035, upload-time = "2025-10-14T04:41:38.368Z" },
    { url = "https://files.pythonhosted.org/packages/67/ff/f6b948ca32e4f2a4576aa129d8bed61f2e0543bf9f5f2b7fc3758ed005c9/charset_normalizer-3.4.4-cp314-cp314-manylinux2014_x86_64.manylinux_2_17_x86_64.manylinux_2_28_x86_64.whl", hash = "sha256:ecaae4149d99b1c9e7b88bb03e3221956f68fd6d50be2ef061b2381b61d20838", size = 152542, upload-time = "2025-10-14T04:41:39.862Z" },
    { url = "https://files.pythonhosted.org/packages/16/85/276033dcbcc369eb176594de22728541a925b2632f9716428c851b149e83/charset_normalizer-3.4.4-cp314-cp314-manylinux_2_31_riscv64.manylinux_2_39_riscv64.whl", hash = "sha256:cb6254dc36b47a990e59e1068afacdcd02958bdcce30bb50cc1700a8b9d624a6", size = 149524, upload-time = "2025-10-14T04:41:41.319Z" },
    { url = "https://files.pythonhosted.org/packages/9e/f2/6a2a1f722b6aba37050e626530a46a68f74e63683947a8acff92569f979a/charset_normalizer-3.4.4-cp314-cp314-musllinux_1_2_aarch64.whl", hash = "sha256:c8ae8a0f02f57a6e61203a31428fa1d677cbe50c93622b4149d5c0f319c1d19e", size = 150395, upload-time = "2025-10-14T04:41:42.539Z" },
    { url = "https://files.pythonhosted.org/packages/60/bb/2186cb2f2bbaea6338cad15ce23a67f9b0672929744381e28b0592676824/charset_normalizer-3.4.4-cp314-cp314-musllinux_1_2_armv7l.whl", hash = "sha256:47cc91b2f4dd2833fddaedd2893006b0106129d4b94fdb6af1f4ce5a9965577c", size = 143680, upload-time = "2025-10-14T04:41:43.661Z" },
    { url = "https://files.pythonhosted.org/packages/7d/a5/bf6f13b772fbb2a90360eb620d52ed8f796f3c5caee8398c3b2eb7b1c60d/charset_normalizer-3.4.4-cp314-cp314-musllinux_1_2_ppc64le.whl", hash = "sha256:82004af6c302b5d3ab2cfc4cc5f29db16123b1a8417f2e25f9066f91d4411090", size = 162045, upload-time = "2025-10-14T04:41:44.821Z" },
    { url = "https://files.pythonhosted.org/packages/df/c5/d1be898bf0dc3ef9030c3825e5d3b83f2c528d207d246cbabe245966808d/charset_normalizer-3.4.4-cp314-cp314-musllinux_1_2_riscv64.whl", hash = "sha256:2b7d8f6c26245217bd2ad053761201e9f9680f8ce52f0fcd8d0755aeae5b2152", size = 149687, upload-time = "2025-10-14T04:41:46.442Z" },
    { url = "https://files.pythonhosted.org/packages/a5/42/90c1f7b9341eef50c8a1cb3f098ac43b0508413f33affd762855f67a410e/charset_normalizer-3.4.4-cp314-cp314-musllinux_1_2_s390x.whl", hash = "sha256:799a7a5e4fb2d5898c60b640fd4981d6a25f1c11790935a44ce38c54e985f828", size = 160014, upload-time = "2025-10-14T04:41:47.631Z" },
    { url = "https://files.pythonhosted.org/packages/76/be/4d3ee471e8145d12795ab655ece37baed0929462a86e72372fd25859047c/charset_normalizer-3.4.4-cp314-cp314-musllinux_1_2_x86_64.whl", hash = "sha256:99ae2cffebb06e6c22bdc25801d7b30f503cc87dbd283479e7b606f70aff57ec", size = 154044, upload-time = "2025-10-14T04:41:48.81Z" },
    { url = "https://files.pythonhosted.org/packages/b0/6f/8f7af07237c34a1defe7defc565a9bc1807762f672c0fde711a4b22bf9c0/charset_normalizer-3.4.4-cp314-cp314-win32.whl", hash = "sha256:f9d332f8c2a2fcbffe1378594431458ddbef721c1769d78e2cbc06280d8155f9", size = 99940, upload-time = "2025-10-14T04:41:49.946Z" },
    { url = "https://files.pythonhosted.org/packages/4b/51/8ade005e5ca5b0d80fb4aff72a3775b325bdc3d27408c8113811a7cbe640/charset_normalizer-3.4.4-cp314-cp314-win_amd64.whl", hash = "sha256:8a6562c3700cce886c5be75ade4a5db4214fda19fede41d9792d100288d8f94c", size = 107104, upload-time = "2025-10-14T04:41:51.051Z" },
    { url = "https://files.pythonhosted.org/packages/da/5f/6b8f83a55bb8278772c5ae54a577f3099025f9ade59d0136ac24a0df4bde/charset_normalizer-3.4.4-cp314-cp314-win_arm64.whl", hash = "sha256:de00632ca48df9daf77a2c65a484531649261ec9f25489917f09e455cb09ddb2", size = 100743, upload-time = "2025-10-14T04:41:52.122Z" },
    { url = "https://files.pythonhosted.org/packages/0a/4c/925909008ed5a988ccbb72dcc897407e5d6d3bd72410d69e051fc0c14647/charset_normalizer-3.4.4-py3-none-any.whl", hash = "sha256:7a32c560861a02ff789ad905a2fe94e3f840803362c84fecf1851cb4cf3dc37f", size = 53402, upload-time = "2025-10-14T04:42:31.76Z" },
]

[[package]]
name = "ida-pro-mcp"
version = "1.0.0"
source = { editable = "." }
dependencies = [
    { name = "idapro" },
    { name = "requests" },
    { name = "tomli-w" },
    { name = "yara-python" },
]

[package.metadata]
requires-dist = [
    { name = "idapro", specifier = ">=0.0.7" },
    { name = "requests", specifier = ">=2.31.0" },
    { name = "tomli-w", specifier = ">=1.0.0" },
    { name = "yara-python", specifier = ">=4.5.0" },
]

[[package]]
name = "idapro"
version = "0.0.7"
source = { registry = "https://pypi.org/simple" }
sdist = { url = "https://files.pythonhosted.org/packages/da/65/b49019b4713b852349b6516b786c8542930aca7701bb2552b18f4e4a4e25/idapro-0.0.7.tar.gz", hash = "sha256:0b2e184b19e4d8404ea48b1f17f39b21b054931315940ee9716ef8559144988f", size = 966886, upload-time = "2025-10-29T09:07:21.695Z" }
wheels = [
    { url = "https://files.pythonhosted.org/packages/fb/5d/6e6565d9a1d6ecf1b48a2bea326f0e3dbe4c3199adfc0a5456b83d235f99/idapro-0.0.7-py3-none-any.whl", hash = "sha256:3cb8d48ac21a19e6a0ef65eacd0005a1f9c40a264a7bcb675914eaa20c6e1371", size = 1999440, upload-time = "2025-10-29T09:07:19.998Z" },
]

[[package]]
name = "idna"
version = "3.11"
source = { registry = "https://pypi.org/simple" }
sdist = { url = "https://files.pythonhosted.org/packages/6f/6d/0703ccc57f3a7233505399edb88de3cbd678da106337b9fcde432b65ed60/idna-3.11.tar.gz", hash = "sha256:795dafcc9c04ed0c1fb032c2aa73654d8e8c5023a7df64a53f39190ada629902", size = 194582, upload-time = "2025-10-12T14:55:20.501Z" }
wheels = [
    { url = "https://files.pythonhosted.org/packages/0e/61/66938bbb5fc52dbdf84594873d5b51fb1f7c7794e9c0f5bd885f30bc507b/idna-3.11-py3-none-any.whl", hash = "sha256:771a87f49d9defaf64091e6e6fe9c18d4833f140bd19464795bc32d966ca37ea", size = 71008, upload-time = "2025-10-12T14:55:18.883Z" },
]

[[package]]
name = "requests"
version = "2.32.5"
source = { registry = "https://pypi.org/simple" }
dependencies = [
    { name = "certifi" },
    { name = "charset-normalizer" },
    { name = "idna" },
    { name = "urllib3" },
]
sdist = { url = "https://files.pythonhosted.org/packages/c9/74/b3ff8e6c8446842c3f5c837e9c3dfcfe2018ea6ecef224c710c85ef728f4/requests-2.32.5.tar.gz", hash = "sha256:dbba0bac56e100853db0ea71b82b4dfd5fe2bf6d3754a8893c3af500cec7d7cf", size = 134517, upload-time = "2025-08-18T20:46:02.573Z" }
wheels = [
    { url = "https://files.pythonhosted.org/packages/1e/db/4254e3eabe8020b458f1a747140d32277ec7a271daf1d235b70dc0b4e6e3/requests-2.32.5-py3-none-any.whl", hash = "sha256:2462f94637a34fd532264295e186976db0f5d453d1cdd31473c85a6a161affb6", size = 64738, upload-time = "2025-08-18T20:46:00.542Z" },
]

[[package]]
name = "tomli-w"
version = "1.2.0"
source = { registry = "https://pypi.org/simple" }
sdist = { url = "https://files.pythonhosted.org/packages/19/75/241269d1da26b624c0d5e110e8149093c759b7a286138f4efd61a60e75fe/tomli_w-1.2.0.tar.gz", hash = "sha256:2dd14fac5a47c27be9cd4c976af5a12d87fb1f0b4512f81d69cce3b35ae25021", size = 7184, upload-time = "2025-01-15T12:07:24.262Z" }
wheels = [
    { url = "https://files.pythonhosted.org/packages/c7/18/c86eb8e0202e32dd3df50d43d7ff9854f8e0603945ff398974c1d91ac1ef/tomli_w-1.2.0-py3-none-any.whl", hash = "sha256:188306098d013b691fcadc011abd66727d3c414c571bb01b1a174ba8c983cf90", size = 6675, upload-time = "2025-01-15T12:07:22.074Z" },
]

[[package]]
name = "urllib3"
version = "2.6.2"
source = { registry = "https://pypi.org/simple" }
sdist = { url = "https://files.pythonhosted.org/packages/1e/24/a2a2ed9addd907787d7aa0355ba36a6cadf1768b934c652ea78acbd59dcd/urllib3-2.6.2.tar.gz", hash = "sha256:016f9c98bb7e98085cb2b4b17b87d2c702975664e4f060c6532e64d1c1a5e797", size = 432930, upload-time = "2025-12-11T15:56:40.252Z" }
wheels = [
    { url = "https://files.pythonhosted.org/packages/6d/b9/4095b668ea3678bf6a0af005527f39de12fb026516fb3df17495a733b7f8/urllib3-2.6.2-py3-none-any.whl", hash = "sha256:ec21cddfe7724fc7cb4ba4bea7aa8e2ef36f607a4bab81aa6ce42a13dc3f03dd", size = 131182, upload-time = "2025-12-11T15:56:38.584Z" },
]

[[package]]
name = "yara-python"
version = "4.5.4"
source = { registry = "https://pypi.org/simple" }
sdist = { url = "https://files.pythonhosted.org/packages/51/38/347d1fcde4edabd338d5872ca5759ccfb95ff1cf5207dafded981fd08c4f/yara_python-4.5.4.tar.gz", hash = "sha256:4c682170f3d5cb3a73aa1bd0dc9ab1c0957437b937b7a83ff6d7ffd366415b9c", size = 551142, upload-time = "2025-05-27T14:15:49.035Z" }
wheels = [
    { url = "https://files.pythonhosted.org/packages/17/17/f0bc4a643d8c3afb485c34b70fe1d161f3fe0459361d2eb3561d23cc16e1/yara_python-4.5.4-cp311-cp311-macosx_14_0_arm64.whl", hash = "sha256:e3e2a5575d61adc2b4ff2007737590783a43d16386b061ac12e6e70a82e5d1de", size = 2471737, upload-time = "2025-05-27T14:14:23.876Z" },
    { url = "https://files.pythonhosted.org/packages/3f/11/39c74fc2732b89d4a5a6ad272b2b60ec84b3aae53b120a9eccc742eec802/yara_python-4.5.4-cp311-cp311-macosx_14_0_x86_64.whl", hash = "sha256:f79a27dbdafb79fc2dc03c7c3ba66751551e3e0b350ab69cc499870b78a6cb95", size = 208862, upload-time = "2025-05-27T14:14:25.941Z" },
    { url = "https://files.pythonhosted.org/packages/05/ef/ff38abffe3c5126da0b4f31471bc6df2e38f4f532a65941a1a8092cddb4f/yara_python-4.5.4-cp311-cp311-macosx_15_0_arm64.whl", hash = "sha256:9d9acf6f8135bcee03f47b1096ad69f4a2788abe37dd070aab6e9dd816742ecc", size = 2478391, upload-time = "2025-05-27T14:14:27.802Z" },
    { url = "https://files.pythonhosted.org/packages/69/97/638f0f6920250dd4cc202f05d2b931c4aeb8ea916ae185cd15b9dacf9ae4/yara_python-4.5.4-cp311-cp311-macosx_15_0_x86_64.whl", hash = "sha256:0e762e6c5b47ddf30b0128ba723da46fcc2aa7959a252748497492cb452d1c84", size = 209304, upload-time = "2025-05-27T14:14:29.663Z" },
    { url = "https://files.pythonhosted.org/packages/2a/08/e9396374b8d4348f71db28dabbcbde21ceb0e68c604a4de82ab4f1c286e9/yara_python-4.5.4-cp311-cp311-manylinux_2_17_aarch64.manylinux2014_aarch64.whl", hash = "sha256:adcfac4b225e76ab6dcbeaf10101f0de2731fdbee51610dbc77b96e667e85a3a", size = 2242098, upload-time = "2025-05-27T14:14:31.001Z" },
    { url = "https://files.pythonhosted.org/packages/58/fa/b159db2afedef12d5de32b6eb7c087a78c29dc51fc5111475bbd96759744/yara_python-4.5.4-cp311-cp311-manylinux_2_17_i686.manylinux2014_i686.whl", hash = "sha256:a82c87038f0da2d90051bfd6449cf9a4b977a15ee8372f3512ce0a413ef822fd", size = 2324289, upload-time = "2025-05-27T14:14:32.852Z" },
    { url = "https://files.pythonhosted.org/packages/ad/1e/8846d6c37e3cc5328ac90d888ac60599ed62f1ffcb7d68054ad60954df4a/yara_python-4.5.4-cp311-cp311-manylinux_2_17_x86_64.manylinux2014_x86_64.whl", hash = "sha256:1a1721b61ee4e625a143e8e5bf32fa6774797c06724c45067f3e8919a8e5f8f3", size = 2329563, upload-time = "2025-05-27T14:14:34.758Z" },
    { url = "https://files.pythonhosted.org/packages/35/db/d6de595384e357366a8e7832876e5d9be56629e29e12d2a9325cc652e855/yara_python-4.5.4-cp311-cp311-musllinux_1_2_aarch64.whl", hash = "sha256:57d80c7591bbc6d9e73934e0fa4cbbb35e3e733b2706c5fd6756edf495f42678", size = 2947661, upload-time = "2025-05-27T14:14:37.419Z" },
    { url = "https://files.pythonhosted.org/packages/b9/26/35d67095b0b000315545c59b2826166371d005f9815ca6c7c79a87e6c4cc/yara_python-4.5.4-cp311-cp311-musllinux_1_2_i686.whl", hash = "sha256:3872b5f5575d6f5077f86e2b8bcdfe8688f859a50854334a4085399331167abc", size = 2417932, upload-time = "2025-05-27T14:14:40.402Z" },
    { url = "https://files.pythonhosted.org/packages/8f/28/760d114cea3f160e3f862d747208a09150974a668a49c0cee23a943006c4/yara_python-4.5.4-cp311-cp311-musllinux_1_2_x86_64.whl", hash = "sha256:fd84af5b6da3429236b61f3ad8760fdc739d0e1d6a08b8f3d90cd375e71594df", size = 2638058, upload-time = "2025-05-27T14:14:42.141Z" },
    { url = "https://files.pythonhosted.org/packages/74/9d/e208dd3ffc38a163d18476d2f758c24de8ece67c9d59c654a6b5b400fd96/yara_python-4.5.4-cp311-cp311-win32.whl", hash = "sha256:491c9de854e4a47dfbef7b3a38686c574459779915be19dcf4421b65847a57ce", size = 1447300, upload-time = "2025-05-27T14:14:44.091Z" },
    { url = "https://files.pythonhosted.org/packages/85/ad/23ed18900f6024d5c1de567768c12a53c5759ac90d08624c87c816cd7249/yara_python-4.5.4-cp311-cp311-win_amd64.whl", hash = "sha256:2a1bf52cb7b9178cc1ee2acd1697a0c8468af0c76aa1beffe22534bd4f62698b", size = 1825566, upload-time = "2025-05-27T14:14:45.879Z" },
    { url = "https://files.pythonhosted.org/packages/5a/cc/deaf10b6b31ee81842176affce79d57c3b6df50e894cf6cdbb1f0eb12af2/yara_python-4.5.4-cp312-cp312-macosx_14_0_arm64.whl", hash = "sha256:ade234700c492bce0efda96c1cdcd763425016e40df4a8d30c4c4e6897be5ace", size = 2471771, upload-time = "2025-05-27T14:14:47.381Z" },
    { url = "https://files.pythonhosted.org/packages/b1/47/9227c56450be00db6a3a50ccf88ba201945ae14a34b80b3aae4607954159/yara_python-4.5.4-cp312-cp312-macosx_14_0_x86_64.whl", hash = "sha256:e1dedd149be61992781f085b592d169d1d813f9b5ffc7c8c2b74e429b443414c", size = 208991, upload-time = "2025-05-27T14:14:48.832Z" },
    { url = "https://files.pythonhosted.org/packages/5b/0d/1f2e054f7ddf9fd4c873fccf63a08f2647b205398e11ea75cf44c161e702/yara_python-4.5.4-cp312-cp312-macosx_15_0_arm64.whl", hash = "sha256:92b233aae320ee9e59728ee23f9faf4a423ae407d4768b47c8f0e472a34dbae2", size = 2478413, upload-time = "2025-05-27T14:14:50.205Z" },
    { url = "https://files.pythonhosted.org/packages/10/ab/96e2d06c909ba07941d6d303f23624e46751a54d6fd358069275f982168c/yara_python-4.5.4-cp312-cp312-macosx_15_0_x86_64.whl", hash = "sha256:1f238f10d26e4701559f73a69b22e1e192a6fa20abdd76f57a7054566780aa89", size = 209401, upload-time = "2025-05-27T14:14:52.017Z" },
    { url = "https://files.pythonhosted.org/packages/df/7d/e51ecb0db87094976904a52eb521e3faf9c18f7c889b9d5cf996ae3bb680/yara_python-4.5.4-cp312-cp312-manylinux_2_17_aarch64.manylinux2014_aarch64.whl", hash = "sha256:d29d0e137e0d77dd110186369276e88381f784bdc45b5932a2fb3463e2a1b1c7", size = 2245326, upload-time = "2025-05-27T14:14:53.338Z" },
    { url = "https://files.pythonhosted.org/packages/4c/5e/fe93d8609b8470148ebbae111f209c6f208bb834cee64046fce0532fcc70/yara_python-4.5.4-cp312-cp312-manylinux_2_17_i686.manylinux2014_i686.whl", hash = "sha256:e7d0039d734705b123494acad7a00b67df171dd5b1c16ff7b18ff07578efd4cd", size = 2327041, upload-time = "2025-05-27T14:14:54.915Z" },
    { url = "https://files.pythonhosted.org/packages/52/06/104c4daa22e34a7edb49051798126c37f6280d4f1ea7e8888b043314e72d/yara_python-4.5.4-cp312-cp312-manylinux_2_17_x86_64.manylinux2014_x86_64.whl", hash = "sha256:e5eae935b05a9f8dc71df55a79c38f52abd93f8840310fe4e0d75fbd78284f24", size = 2332343, upload-time = "2025-05-27T14:14:56.424Z" },
    { url = "https://files.pythonhosted.org/packages/cd/38/4b788b8fe15faca08e4a52c0b3dc8787953115ce1811e7bf9439914b6a5b/yara_python-4.5.4-cp312-cp312-musllinux_1_2_aarch64.whl", hash = "sha256:30fc7959394532c6e3f48faf59337f5da124f1630668258276b6cfa54e555a6e", size = 2949346, upload-time = "2025-05-27T14:14:57.924Z" },
    { url = "https://files.pythonhosted.org/packages/53/3a/c1d97172aa9672f381df78b4d3a9f60378f35431ff48f4a6c45037057e07/yara_python-4.5.4-cp312-cp312-musllinux_1_2_i686.whl", hash = "sha256:e6d8c2acaf33931338fdb78aba8a68462b0151d833b2eeda712db87713ac2abf", size = 2421057, upload-time = "2025-05-27T14:15:00.118Z" },
    { url = "https://files.pythonhosted.org/packages/ba/cc/c6366d6d047f73594badd5444f6a32501e8b20ab1a7124837d305c08b42b/yara_python-4.5.4-cp312-cp312-musllinux_1_2_x86_64.whl", hash = "sha256:a3c7bc8cd0db5fb87ab579c755de83723030522f3c0cd5b3374044055a8ce6c6", size = 2639871, upload-time = "2025-05-27T14:15:02.63Z" },
    { url = "https://files.pythonhosted.org/packages/e6/5c/edacbd11db432ac04a37c9e3a7c569986256d9659d1859c6f828268dfeed/yara_python-4.5.4-cp312-cp312-win32.whl", hash = "sha256:d12e57101683e9270738a1bccf676747f93e86b5bc529e7a7fb7adf94f20bd77", size = 1447403, upload-time = "2025-05-27T14:15:04.193Z" },
    { url = "https://files.pythonhosted.org/packages/ad/e1/f6a72c155f3241360da890c218911d09bf63329eca9cfa1af64b1498339b/yara_python-4.5.4-cp312-cp312-win_amd64.whl", hash = "sha256:bf14a8af06b2b980a889bdc3f9e8ccd6e703d2b3fa1c98da5fd3a1c3b551eb47", size = 1825743, upload-time = "2025-05-27T14:15:05.678Z" },
    { url = "https://files.pythonhosted.org/packages/74/7f/9bf4864fee85f86302d78d373c93793419c080222b5e18badadebb959263/yara_python-4.5.4-cp313-cp313-macosx_14_0_arm64.whl", hash = "sha256:fe8ad189843c729eae74be3b8447a4753fac2cebe705e5e2a7280badfcc7e3b4", size = 2471811, upload-time = "2025-05-27T14:15:07.55Z" },
    { url = "https://files.pythonhosted.org/packages/44/58/dca36144c44b0613dbc39c70cc32ee0fc9db1ba9e5fa15f55657183f4229/yara_python-4.5.4-cp313-cp313-macosx_14_0_x86_64.whl", hash = "sha256:94e290d5035be23059d0475bff3eac8228acd51145bf0cabe355b1ddabab742b", size = 209044, upload-time = "2025-05-27T14:15:09.142Z" },
    { url = "https://files.pythonhosted.org/packages/8b/4c/997be6898cdda211cb601ae2af40a2dbd89a48ba9889168ddd3993636e97/yara_python-4.5.4-cp313-cp313-macosx_15_0_arm64.whl", hash = "sha256:4537f8499d166d22a54739f440fb306f65b0438be2c6c4ecb2352ecb5adb5f1c", size = 2478416, upload-time = "2025-05-27T14:15:10.58Z" },
    { url = "https://files.pythonhosted.org/packages/b6/29/91d5911d6decdd8a96bb891cacd8922569480ff1d4b47e7947b5dfc7f1d6/yara_python-4.5.4-cp313-cp313-macosx_15_0_x86_64.whl", hash = "sha256:ab5133a16e466db6fe9c1a08d1b171013507896175010fb85fc1b92da32e558c", size = 209441, upload-time = "2025-05-27T14:15:12.173Z" },
    { url = "https://files.pythonhosted.org/packages/87/9b/e21f534f33062f2e5f6dceec3cb4918f4923264b1609652adc0c83fe2bde/yara_python-4.5.4-cp313-cp313-manylinux_2_17_aarch64.manylinux2014_aarch64.whl", hash = "sha256:93f5f5aba88e2ed2aaebfbb697433a0c8020c6a6c6a711e900a29e9b512d5c3a", size = 2245135, upload-time = "2025-05-27T14:15:13.569Z" },
    { url = "https://files.pythonhosted.org/packages/70/8e/3618d2473f1e97f3f91d13af5b1ed26381c74444f6cdebb849eb855b21ca/yara_python-4.5.4-cp313-cp313-manylinux_2_17_i686.manylinux2014_i686.whl", hash = "sha256:473c52b53c39d5daedc1912bd8a82a1c88702a3e393688879d77f9ff5f396543", size = 2326864, upload-time = "2025-05-27T14:15:15.321Z" },
    { url = "https://files.pythonhosted.org/packages/99/ee/21477d4c83e7f267ff7d61a518eb1b2d3eb7877031c5c07bd1dc0a54eb95/yara_python-4.5.4-cp313-cp313-manylinux_2_17_x86_64.manylinux2014_x86_64.whl", hash = "sha256:9d9a58b7dc87411a2443d2e0382a111bd892aef9f6db2a1ebb4a9215eef0db71", size = 2331976, upload-time = "2025-05-27T14:15:17.138Z" },
    { url = "https://files.pythonhosted.org/packages/9f/5d/2680831aa43d181a0cc023ba89132ff6f03a0532f220cde27bccd60d54e2/yara_python-4.5.4-cp313-cp313-musllinux_1_2_aarch64.whl", hash = "sha256:0b9de86fbe8a646c0644df9e1396d6941dc6ed0f89be2807e6c52ab39161fd9f", size = 2949066, upload-time = "2025-05-27T14:15:18.822Z" },
    { url = "https://files.pythonhosted.org/packages/9e/76/e89ec354731b1872462fa9cfdfc6d4751c272b3f43fa55523a8f0fcdd48a/yara_python-4.5.4-cp313-cp313-musllinux_1_2_i686.whl", hash = "sha256:973f0bc24470ac86b6009baf2800ad3eadfa4ab653b6546ba5c65e9239850f47", size = 2420758, upload-time = "2025-05-27T14:15:20.505Z" },
    { url = "https://files.pythonhosted.org/packages/0c/28/9499649cb2cb42592c13ca6a15163e0cbf132c2974394de171aa5f8b49e4/yara_python-4.5.4-cp313-cp313-musllinux_1_2_x86_64.whl", hash = "sha256:cb0f0e7183165426b09e2b1235e70909e540ac18e2c6be96070dfe17d7db4d78", size = 2639628, upload-time = "2025-05-27T14:15:22.142Z" },
    { url = "https://files.pythonhosted.org/packages/ac/37/e8f2b9a2287070f39fa6a5afbcf1ed6762f60ab3b1fb08018732838ccc25/yara_python-4.5.4-cp313-cp313-win32.whl", hash = "sha256:7707b144c8fcdb30c069ea57b94799cd7601f694ba01b696bbd1832721f37fd0", size = 1447395, upload-time = "2025-05-27T14:15:25.237Z" },
    { url = "https://files.pythonhosted.org/packages/cc/a0/40b0291c8b24d13daf0e26538c9f3a0d843c38c6446dd17f36335bdd5b5f/yara_python-4.5.4-cp313-cp313-win_amd64.whl", hash = "sha256:5f1288448991d63c1f6351c9f6d112916b0177ceefaa27d1419427a6ff09f829", size = 1825779, upload-time = "2025-05-27T14:15:26.802Z" },
]
